// !$*UTF8*$!
{
	archiveVersion = 1;
	classes = {
	};
	objectVersion = 46;
	objects = {

/* Begin PBXBuildFile section */
		323588641D0DC7E600EB861F /* recipes.json in Resources */ = {isa = PBXBuildFile; fileRef = 323588631D0DC7E600EB861F /* recipes.json */; };
		324BFA0D1D1E03A700AE195C /* MealMapTableViewCell.swift in Sources */ = {isa = PBXBuildFile; fileRef = 324BFA0C1D1E03A700AE195C /* MealMapTableViewCell.swift */; };
		32983C791D2097DD006D19D7 /* deploydAPI.swift in Sources */ = {isa = PBXBuildFile; fileRef = 32983C781D2097DD006D19D7 /* deploydAPI.swift */; };
		32A2B2DB1CF113E3005CDC0E /* AppDelegate.swift in Sources */ = {isa = PBXBuildFile; fileRef = 32A2B2DA1CF113E3005CDC0E /* AppDelegate.swift */; };
		32A2B2E01CF113E3005CDC0E /* Main.storyboard in Resources */ = {isa = PBXBuildFile; fileRef = 32A2B2DE1CF113E3005CDC0E /* Main.storyboard */; };
		32A2B2E31CF113E3005CDC0E /* Cleanse_App.xcdatamodeld in Sources */ = {isa = PBXBuildFile; fileRef = 32A2B2E11CF113E3005CDC0E /* Cleanse_App.xcdatamodeld */; };
		32A2B2E51CF113E3005CDC0E /* Assets.xcassets in Resources */ = {isa = PBXBuildFile; fileRef = 32A2B2E41CF113E3005CDC0E /* Assets.xcassets */; };
		32A2B2E81CF113E3005CDC0E /* LaunchScreen.storyboard in Resources */ = {isa = PBXBuildFile; fileRef = 32A2B2E61CF113E3005CDC0E /* LaunchScreen.storyboard */; };
		32A2B2F31CF113E3005CDC0E /* Cleanse_AppTests.swift in Sources */ = {isa = PBXBuildFile; fileRef = 32A2B2F21CF113E3005CDC0E /* Cleanse_AppTests.swift */; };
		32A2B2FE1CF113E4005CDC0E /* Cleanse_AppUITests.swift in Sources */ = {isa = PBXBuildFile; fileRef = 32A2B2FD1CF113E4005CDC0E /* Cleanse_AppUITests.swift */; };
		32A3A2521D2176C2000FC321 /* BAFluidView.framework in Frameworks */ = {isa = PBXBuildFile; fileRef = 32A3A2511D2176C2000FC321 /* BAFluidView.framework */; };
		32C400141D1DC8E10082AB0C /* MealMapTableViewController.swift in Sources */ = {isa = PBXBuildFile; fileRef = 32C400131D1DC8E10082AB0C /* MealMapTableViewController.swift */; };
		32F2F4641D1E178B00AFE68F /* MealDetailsTableViewController.swift in Sources */ = {isa = PBXBuildFile; fileRef = 32F2F4631D1E178B00AFE68F /* MealDetailsTableViewController.swift */; };
		32F5E90D1D20CEB8006D9F75 /* MealPlanStore.swift in Sources */ = {isa = PBXBuildFile; fileRef = 32F5E90C1D20CEB8006D9F75 /* MealPlanStore.swift */; };
		32F5E90F1D20DE9E006D9F75 /* Meal.swift in Sources */ = {isa = PBXBuildFile; fileRef = 32F5E90E1D20DE9E006D9F75 /* Meal.swift */; };
		32F5E9111D20E647006D9F75 /* DailyPlan.swift in Sources */ = {isa = PBXBuildFile; fileRef = 32F5E9101D20E647006D9F75 /* DailyPlan.swift */; };
		32F6A9A71D1F092200047A51 /* User.swift in Sources */ = {isa = PBXBuildFile; fileRef = 32F6A9A61D1F092200047A51 /* User.swift */; };
		32F6A9A91D1F128200047A51 /* MealPlan.swift in Sources */ = {isa = PBXBuildFile; fileRef = 32F6A9A81D1F128200047A51 /* MealPlan.swift */; };
		32F9238C1D00214B0069D49D /* SWRevealViewController.m in Sources */ = {isa = PBXBuildFile; fileRef = 32F9238B1D00214B0069D49D /* SWRevealViewController.m */; };
		32F923921D002D4A0069D49D /* Recipe.swift in Sources */ = {isa = PBXBuildFile; fileRef = 32F923911D002D4A0069D49D /* Recipe.swift */; };
		32F923941D00302F0069D49D /* RecipeStore.swift in Sources */ = {isa = PBXBuildFile; fileRef = 32F923931D00302F0069D49D /* RecipeStore.swift */; };
		32F923961D003F940069D49D /* ImageStore.swift in Sources */ = {isa = PBXBuildFile; fileRef = 32F923951D003F940069D49D /* ImageStore.swift */; };
		32FC27591D205A1E00DB3C99 /* CoreGraphics.framework in Frameworks */ = {isa = PBXBuildFile; fileRef = 32FC27581D205A1E00DB3C99 /* CoreGraphics.framework */; };
		32FC275B1D205A2600DB3C99 /* UIKit.framework in Frameworks */ = {isa = PBXBuildFile; fileRef = 32FC275A1D205A2600DB3C99 /* UIKit.framework */; };
		32FC275D1D205A2F00DB3C99 /* Foundation.framework in Frameworks */ = {isa = PBXBuildFile; fileRef = 32FC275C1D205A2F00DB3C99 /* Foundation.framework */; };
		32FC27611D205B8E00DB3C99 /* WaterTrackerViewController.swift in Sources */ = {isa = PBXBuildFile; fileRef = 32FC27601D205B8E00DB3C99 /* WaterTrackerViewController.swift */; };
		9BE20EE0719BEBFD946BFCE1 /* Pods_Cleanse_AppUITests.framework in Frameworks */ = {isa = PBXBuildFile; fileRef = 4BD293ED13F4EE68E6D43E9B /* Pods_Cleanse_AppUITests.framework */; };
		D000878D8DCDB7860BEA48DF /* Pods_Cleanse_App.framework in Frameworks */ = {isa = PBXBuildFile; fileRef = 97275013D322867B7B58BFA3 /* Pods_Cleanse_App.framework */; };
		EEB622246A01E23F29BA46C4 /* Pods_Cleanse_AppTests.framework in Frameworks */ = {isa = PBXBuildFile; fileRef = 61C04F143FCFAD902875CC55 /* Pods_Cleanse_AppTests.framework */; };
/* End PBXBuildFile section */

/* Begin PBXContainerItemProxy section */
		32A2B2EF1CF113E3005CDC0E /* PBXContainerItemProxy */ = {
			isa = PBXContainerItemProxy;
			containerPortal = 32A2B2CF1CF113E3005CDC0E /* Project object */;
			proxyType = 1;
			remoteGlobalIDString = 32A2B2D61CF113E3005CDC0E;
			remoteInfo = "Cleanse App";
		};
		32A2B2FA1CF113E4005CDC0E /* PBXContainerItemProxy */ = {
			isa = PBXContainerItemProxy;
			containerPortal = 32A2B2CF1CF113E3005CDC0E /* Project object */;
			proxyType = 1;
			remoteGlobalIDString = 32A2B2D61CF113E3005CDC0E;
			remoteInfo = "Cleanse App";
		};
/* End PBXContainerItemProxy section */

/* Begin PBXFileReference section */
		323588631D0DC7E600EB861F /* recipes.json */ = {isa = PBXFileReference; fileEncoding = 4; lastKnownFileType = text.json; path = recipes.json; sourceTree = "<group>"; };
		324BFA0C1D1E03A700AE195C /* MealMapTableViewCell.swift */ = {isa = PBXFileReference; fileEncoding = 4; lastKnownFileType = sourcecode.swift; path = MealMapTableViewCell.swift; sourceTree = "<group>"; };
		32983C781D2097DD006D19D7 /* deploydAPI.swift */ = {isa = PBXFileReference; fileEncoding = 4; lastKnownFileType = sourcecode.swift; path = deploydAPI.swift; sourceTree = "<group>"; };
		32A2B2D71CF113E3005CDC0E /* Cleanse App.app */ = {isa = PBXFileReference; explicitFileType = wrapper.application; includeInIndex = 0; path = "Cleanse App.app"; sourceTree = BUILT_PRODUCTS_DIR; };
		32A2B2DA1CF113E3005CDC0E /* AppDelegate.swift */ = {isa = PBXFileReference; lastKnownFileType = sourcecode.swift; path = AppDelegate.swift; sourceTree = "<group>"; };
		32A2B2DF1CF113E3005CDC0E /* Base */ = {isa = PBXFileReference; lastKnownFileType = file.storyboard; name = Base; path = Base.lproj/Main.storyboard; sourceTree = "<group>"; };
		32A2B2E21CF113E3005CDC0E /* Cleanse_App.xcdatamodel */ = {isa = PBXFileReference; lastKnownFileType = wrapper.xcdatamodel; path = Cleanse_App.xcdatamodel; sourceTree = "<group>"; };
		32A2B2E41CF113E3005CDC0E /* Assets.xcassets */ = {isa = PBXFileReference; lastKnownFileType = folder.assetcatalog; path = Assets.xcassets; sourceTree = "<group>"; };
		32A2B2E71CF113E3005CDC0E /* Base */ = {isa = PBXFileReference; lastKnownFileType = file.storyboard; name = Base; path = Base.lproj/LaunchScreen.storyboard; sourceTree = "<group>"; };
		32A2B2E91CF113E3005CDC0E /* Info.plist */ = {isa = PBXFileReference; lastKnownFileType = text.plist.xml; path = Info.plist; sourceTree = "<group>"; };
		32A2B2EE1CF113E3005CDC0E /* Cleanse AppTests.xctest */ = {isa = PBXFileReference; explicitFileType = wrapper.cfbundle; includeInIndex = 0; path = "Cleanse AppTests.xctest"; sourceTree = BUILT_PRODUCTS_DIR; };
		32A2B2F21CF113E3005CDC0E /* Cleanse_AppTests.swift */ = {isa = PBXFileReference; lastKnownFileType = sourcecode.swift; path = Cleanse_AppTests.swift; sourceTree = "<group>"; };
		32A2B2F41CF113E3005CDC0E /* Info.plist */ = {isa = PBXFileReference; lastKnownFileType = text.plist.xml; path = Info.plist; sourceTree = "<group>"; };
		32A2B2F91CF113E4005CDC0E /* Cleanse AppUITests.xctest */ = {isa = PBXFileReference; explicitFileType = wrapper.cfbundle; includeInIndex = 0; path = "Cleanse AppUITests.xctest"; sourceTree = BUILT_PRODUCTS_DIR; };
		32A2B2FD1CF113E4005CDC0E /* Cleanse_AppUITests.swift */ = {isa = PBXFileReference; lastKnownFileType = sourcecode.swift; path = Cleanse_AppUITests.swift; sourceTree = "<group>"; };
		32A2B2FF1CF113E4005CDC0E /* Info.plist */ = {isa = PBXFileReference; lastKnownFileType = text.plist.xml; path = Info.plist; sourceTree = "<group>"; };
		32A3A2511D2176C2000FC321 /* BAFluidView.framework */ = {isa = PBXFileReference; lastKnownFileType = wrapper.framework; name = BAFluidView.framework; path = "../../../../../Library/Developer/Xcode/DerivedData/Cleanse_App-beapgjdvrponvoffzrvsyeawowil/Build/Products/Debug-iphonesimulator/BAFluidView/BAFluidView.framework"; sourceTree = "<group>"; };
		32C400131D1DC8E10082AB0C /* MealMapTableViewController.swift */ = {isa = PBXFileReference; fileEncoding = 4; lastKnownFileType = sourcecode.swift; path = MealMapTableViewController.swift; sourceTree = "<group>"; };
		32F2F4631D1E178B00AFE68F /* MealDetailsTableViewController.swift */ = {isa = PBXFileReference; fileEncoding = 4; lastKnownFileType = sourcecode.swift; path = MealDetailsTableViewController.swift; sourceTree = "<group>"; };
		32F5E90C1D20CEB8006D9F75 /* MealPlanStore.swift */ = {isa = PBXFileReference; fileEncoding = 4; lastKnownFileType = sourcecode.swift; path = MealPlanStore.swift; sourceTree = "<group>"; };
		32F5E90E1D20DE9E006D9F75 /* Meal.swift */ = {isa = PBXFileReference; fileEncoding = 4; lastKnownFileType = sourcecode.swift; path = Meal.swift; sourceTree = "<group>"; };
		32F5E9101D20E647006D9F75 /* DailyPlan.swift */ = {isa = PBXFileReference; fileEncoding = 4; lastKnownFileType = sourcecode.swift; path = DailyPlan.swift; sourceTree = "<group>"; };
		32F6A9A61D1F092200047A51 /* User.swift */ = {isa = PBXFileReference; fileEncoding = 4; lastKnownFileType = sourcecode.swift; path = User.swift; sourceTree = "<group>"; };
		32F6A9A81D1F128200047A51 /* MealPlan.swift */ = {isa = PBXFileReference; fileEncoding = 4; lastKnownFileType = sourcecode.swift; path = MealPlan.swift; sourceTree = "<group>"; };
		32F923891D00214A0069D49D /* Cleanse App-Bridging-Header.h */ = {isa = PBXFileReference; lastKnownFileType = sourcecode.c.h; path = "Cleanse App-Bridging-Header.h"; sourceTree = "<group>"; };
		32F9238A1D00214B0069D49D /* SWRevealViewController.h */ = {isa = PBXFileReference; fileEncoding = 4; lastKnownFileType = sourcecode.c.h; path = SWRevealViewController.h; sourceTree = "<group>"; };
		32F9238B1D00214B0069D49D /* SWRevealViewController.m */ = {isa = PBXFileReference; fileEncoding = 4; lastKnownFileType = sourcecode.c.objc; path = SWRevealViewController.m; sourceTree = "<group>"; };
		32F923911D002D4A0069D49D /* Recipe.swift */ = {isa = PBXFileReference; fileEncoding = 4; lastKnownFileType = sourcecode.swift; path = Recipe.swift; sourceTree = "<group>"; };
		32F923931D00302F0069D49D /* RecipeStore.swift */ = {isa = PBXFileReference; fileEncoding = 4; lastKnownFileType = sourcecode.swift; path = RecipeStore.swift; sourceTree = "<group>"; };
		32F923951D003F940069D49D /* ImageStore.swift */ = {isa = PBXFileReference; fileEncoding = 4; lastKnownFileType = sourcecode.swift; path = ImageStore.swift; sourceTree = "<group>"; };
		32FC27581D205A1E00DB3C99 /* CoreGraphics.framework */ = {isa = PBXFileReference; lastKnownFileType = wrapper.framework; name = CoreGraphics.framework; path = System/Library/Frameworks/CoreGraphics.framework; sourceTree = SDKROOT; };
		32FC275A1D205A2600DB3C99 /* UIKit.framework */ = {isa = PBXFileReference; lastKnownFileType = wrapper.framework; name = UIKit.framework; path = System/Library/Frameworks/UIKit.framework; sourceTree = SDKROOT; };
		32FC275C1D205A2F00DB3C99 /* Foundation.framework */ = {isa = PBXFileReference; lastKnownFileType = wrapper.framework; name = Foundation.framework; path = System/Library/Frameworks/Foundation.framework; sourceTree = SDKROOT; };
		32FC27601D205B8E00DB3C99 /* WaterTrackerViewController.swift */ = {isa = PBXFileReference; fileEncoding = 4; lastKnownFileType = sourcecode.swift; path = WaterTrackerViewController.swift; sourceTree = "<group>"; };
		4BD293ED13F4EE68E6D43E9B /* Pods_Cleanse_AppUITests.framework */ = {isa = PBXFileReference; explicitFileType = wrapper.framework; includeInIndex = 0; path = Pods_Cleanse_AppUITests.framework; sourceTree = BUILT_PRODUCTS_DIR; };
		51634753E4F925DC09FAB215 /* Pods-Cleanse AppTests.debug.xcconfig */ = {isa = PBXFileReference; includeInIndex = 1; lastKnownFileType = text.xcconfig; name = "Pods-Cleanse AppTests.debug.xcconfig"; path = "Pods/Target Support Files/Pods-Cleanse AppTests/Pods-Cleanse AppTests.debug.xcconfig"; sourceTree = "<group>"; };
		61C04F143FCFAD902875CC55 /* Pods_Cleanse_AppTests.framework */ = {isa = PBXFileReference; explicitFileType = wrapper.framework; includeInIndex = 0; path = Pods_Cleanse_AppTests.framework; sourceTree = BUILT_PRODUCTS_DIR; };
		64770E6AF5DE7D9DE8AB8285 /* Pods-Cleanse App.debug.xcconfig */ = {isa = PBXFileReference; includeInIndex = 1; lastKnownFileType = text.xcconfig; name = "Pods-Cleanse App.debug.xcconfig"; path = "Pods/Target Support Files/Pods-Cleanse App/Pods-Cleanse App.debug.xcconfig"; sourceTree = "<group>"; };
		97275013D322867B7B58BFA3 /* Pods_Cleanse_App.framework */ = {isa = PBXFileReference; explicitFileType = wrapper.framework; includeInIndex = 0; path = Pods_Cleanse_App.framework; sourceTree = BUILT_PRODUCTS_DIR; };
		9AD0E9F859BAB611AFDE8671 /* Pods-Cleanse AppUITests.release.xcconfig */ = {isa = PBXFileReference; includeInIndex = 1; lastKnownFileType = text.xcconfig; name = "Pods-Cleanse AppUITests.release.xcconfig"; path = "Pods/Target Support Files/Pods-Cleanse AppUITests/Pods-Cleanse AppUITests.release.xcconfig"; sourceTree = "<group>"; };
		A114BF03AE00C7FDC37DDADF /* Pods-Cleanse AppUITests.debug.xcconfig */ = {isa = PBXFileReference; includeInIndex = 1; lastKnownFileType = text.xcconfig; name = "Pods-Cleanse AppUITests.debug.xcconfig"; path = "Pods/Target Support Files/Pods-Cleanse AppUITests/Pods-Cleanse AppUITests.debug.xcconfig"; sourceTree = "<group>"; };
		D6E97F41F75A339304CA8916 /* Pods-Cleanse App.release.xcconfig */ = {isa = PBXFileReference; includeInIndex = 1; lastKnownFileType = text.xcconfig; name = "Pods-Cleanse App.release.xcconfig"; path = "Pods/Target Support Files/Pods-Cleanse App/Pods-Cleanse App.release.xcconfig"; sourceTree = "<group>"; };
		E3CEEE1914D43E1ACA4DFF60 /* Pods-Cleanse AppTests.release.xcconfig */ = {isa = PBXFileReference; includeInIndex = 1; lastKnownFileType = text.xcconfig; name = "Pods-Cleanse AppTests.release.xcconfig"; path = "Pods/Target Support Files/Pods-Cleanse AppTests/Pods-Cleanse AppTests.release.xcconfig"; sourceTree = "<group>"; };
/* End PBXFileReference section */

/* Begin PBXFrameworksBuildPhase section */
		32A2B2D41CF113E3005CDC0E /* Frameworks */ = {
			isa = PBXFrameworksBuildPhase;
			buildActionMask = 2147483647;
			files = (
				32A3A2521D2176C2000FC321 /* BAFluidView.framework in Frameworks */,
				32FC275D1D205A2F00DB3C99 /* Foundation.framework in Frameworks */,
				32FC275B1D205A2600DB3C99 /* UIKit.framework in Frameworks */,
				32FC27591D205A1E00DB3C99 /* CoreGraphics.framework in Frameworks */,
				D000878D8DCDB7860BEA48DF /* Pods_Cleanse_App.framework in Frameworks */,
			);
			runOnlyForDeploymentPostprocessing = 0;
		};
		32A2B2EB1CF113E3005CDC0E /* Frameworks */ = {
			isa = PBXFrameworksBuildPhase;
			buildActionMask = 2147483647;
			files = (
				EEB622246A01E23F29BA46C4 /* Pods_Cleanse_AppTests.framework in Frameworks */,
			);
			runOnlyForDeploymentPostprocessing = 0;
		};
		32A2B2F61CF113E4005CDC0E /* Frameworks */ = {
			isa = PBXFrameworksBuildPhase;
			buildActionMask = 2147483647;
			files = (
				9BE20EE0719BEBFD946BFCE1 /* Pods_Cleanse_AppUITests.framework in Frameworks */,
			);
			runOnlyForDeploymentPostprocessing = 0;
		};
/* End PBXFrameworksBuildPhase section */

/* Begin PBXGroup section */
		0820800AA1F74B100BD43FF5 /* Frameworks */ = {
			isa = PBXGroup;
			children = (
				32A3A2511D2176C2000FC321 /* BAFluidView.framework */,
				32FC275C1D205A2F00DB3C99 /* Foundation.framework */,
				32FC275A1D205A2600DB3C99 /* UIKit.framework */,
				32FC27581D205A1E00DB3C99 /* CoreGraphics.framework */,
				97275013D322867B7B58BFA3 /* Pods_Cleanse_App.framework */,
				61C04F143FCFAD902875CC55 /* Pods_Cleanse_AppTests.framework */,
				4BD293ED13F4EE68E6D43E9B /* Pods_Cleanse_AppUITests.framework */,
			);
			name = Frameworks;
			sourceTree = "<group>";
		};
		323588621D0DC7CD00EB861F /* Resources */ = {
			isa = PBXGroup;
			children = (
				323588631D0DC7E600EB861F /* recipes.json */,
			);
			name = Resources;
			sourceTree = "<group>";
		};
		32983C7A1D20AF2B006D19D7 /* APIs */ = {
			isa = PBXGroup;
			children = (
				32983C781D2097DD006D19D7 /* deploydAPI.swift */,
			);
			name = APIs;
			sourceTree = "<group>";
		};
		32A2B2CE1CF113E3005CDC0E = {
			isa = PBXGroup;
			children = (
				32A2B2D91CF113E3005CDC0E /* Cleanse App */,
				32A2B2F11CF113E3005CDC0E /* Cleanse AppTests */,
				32A2B2FC1CF113E4005CDC0E /* Cleanse AppUITests */,
				32A2B2D81CF113E3005CDC0E /* Products */,
				A92053D0112F9E3054F58652 /* Pods */,
				0820800AA1F74B100BD43FF5 /* Frameworks */,
			);
			sourceTree = "<group>";
		};
		32A2B2D81CF113E3005CDC0E /* Products */ = {
			isa = PBXGroup;
			children = (
				32A2B2D71CF113E3005CDC0E /* Cleanse App.app */,
				32A2B2EE1CF113E3005CDC0E /* Cleanse AppTests.xctest */,
				32A2B2F91CF113E4005CDC0E /* Cleanse AppUITests.xctest */,
			);
			name = Products;
			sourceTree = "<group>";
		};
		32A2B2D91CF113E3005CDC0E /* Cleanse App */ = {
			isa = PBXGroup;
			children = (
				32983C7A1D20AF2B006D19D7 /* APIs */,
				32F6A9AA1D1F12FE00047A51 /* Objects */,
				323588621D0DC7CD00EB861F /* Resources */,
				32F923971D0041030069D49D /* Stores */,
				32F9238E1D0022C00069D49D /* ViewControllers */,
				32F9238D1D0021800069D49D /* SWRevealView */,
				32A2B2DA1CF113E3005CDC0E /* AppDelegate.swift */,
				32A2B2DE1CF113E3005CDC0E /* Main.storyboard */,
				32A2B2E41CF113E3005CDC0E /* Assets.xcassets */,
				32A2B2E61CF113E3005CDC0E /* LaunchScreen.storyboard */,
				32A2B2E91CF113E3005CDC0E /* Info.plist */,
				32A2B2E11CF113E3005CDC0E /* Cleanse_App.xcdatamodeld */,
			);
			path = "Cleanse App";
			sourceTree = "<group>";
		};
		32A2B2F11CF113E3005CDC0E /* Cleanse AppTests */ = {
			isa = PBXGroup;
			children = (
				32A2B2F21CF113E3005CDC0E /* Cleanse_AppTests.swift */,
				32A2B2F41CF113E3005CDC0E /* Info.plist */,
			);
			path = "Cleanse AppTests";
			sourceTree = "<group>";
		};
		32A2B2FC1CF113E4005CDC0E /* Cleanse AppUITests */ = {
			isa = PBXGroup;
			children = (
				32A2B2FD1CF113E4005CDC0E /* Cleanse_AppUITests.swift */,
				32A2B2FF1CF113E4005CDC0E /* Info.plist */,
			);
			path = "Cleanse AppUITests";
			sourceTree = "<group>";
		};
		32F6A9AA1D1F12FE00047A51 /* Objects */ = {
			isa = PBXGroup;
			children = (
				32F923911D002D4A0069D49D /* Recipe.swift */,
				32F6A9A61D1F092200047A51 /* User.swift */,
				32F5E90E1D20DE9E006D9F75 /* Meal.swift */,
				32F6A9A81D1F128200047A51 /* MealPlan.swift */,
				32F5E9101D20E647006D9F75 /* DailyPlan.swift */,
			);
			name = Objects;
			sourceTree = "<group>";
		};
		32F9238D1D0021800069D49D /* SWRevealView */ = {
			isa = PBXGroup;
			children = (
				32F923891D00214A0069D49D /* Cleanse App-Bridging-Header.h */,
				32F9238A1D00214B0069D49D /* SWRevealViewController.h */,
				32F9238B1D00214B0069D49D /* SWRevealViewController.m */,
			);
			name = SWRevealView;
			sourceTree = "<group>";
		};
		32F9238E1D0022C00069D49D /* ViewControllers */ = {
			isa = PBXGroup;
			children = (
				32C400131D1DC8E10082AB0C /* MealMapTableViewController.swift */,
				32FC27601D205B8E00DB3C99 /* WaterTrackerViewController.swift */,
				32F2F4631D1E178B00AFE68F /* MealDetailsTableViewController.swift */,
				324BFA0C1D1E03A700AE195C /* MealMapTableViewCell.swift */,
			);
			name = ViewControllers;
			sourceTree = "<group>";
		};
		32F923971D0041030069D49D /* Stores */ = {
			isa = PBXGroup;
			children = (
				32F923951D003F940069D49D /* ImageStore.swift */,
				32F923931D00302F0069D49D /* RecipeStore.swift */,
				32F5E90C1D20CEB8006D9F75 /* MealPlanStore.swift */,
			);
			name = Stores;
			sourceTree = "<group>";
		};
		A92053D0112F9E3054F58652 /* Pods */ = {
			isa = PBXGroup;
			children = (
				64770E6AF5DE7D9DE8AB8285 /* Pods-Cleanse App.debug.xcconfig */,
				D6E97F41F75A339304CA8916 /* Pods-Cleanse App.release.xcconfig */,
				51634753E4F925DC09FAB215 /* Pods-Cleanse AppTests.debug.xcconfig */,
				E3CEEE1914D43E1ACA4DFF60 /* Pods-Cleanse AppTests.release.xcconfig */,
				A114BF03AE00C7FDC37DDADF /* Pods-Cleanse AppUITests.debug.xcconfig */,
				9AD0E9F859BAB611AFDE8671 /* Pods-Cleanse AppUITests.release.xcconfig */,
			);
			name = Pods;
			sourceTree = "<group>";
		};
/* End PBXGroup section */

/* Begin PBXNativeTarget section */
		32A2B2D61CF113E3005CDC0E /* Cleanse App */ = {
			isa = PBXNativeTarget;
			buildConfigurationList = 32A2B3021CF113E4005CDC0E /* Build configuration list for PBXNativeTarget "Cleanse App" */;
			buildPhases = (
				E0E5887948FDB24FA94CA18B /* [CP] Check Pods Manifest.lock */,
				32A2B2D31CF113E3005CDC0E /* Sources */,
				32A2B2D41CF113E3005CDC0E /* Frameworks */,
				32A2B2D51CF113E3005CDC0E /* Resources */,
				5725EC2ADC1D443797EC0C9A /* [CP] Embed Pods Frameworks */,
				817A284640B2C951A7EB692B /* [CP] Copy Pods Resources */,
			);
			buildRules = (
			);
			dependencies = (
			);
			name = "Cleanse App";
			productName = "Cleanse App";
			productReference = 32A2B2D71CF113E3005CDC0E /* Cleanse App.app */;
			productType = "com.apple.product-type.application";
		};
		32A2B2ED1CF113E3005CDC0E /* Cleanse AppTests */ = {
			isa = PBXNativeTarget;
			buildConfigurationList = 32A2B3051CF113E4005CDC0E /* Build configuration list for PBXNativeTarget "Cleanse AppTests" */;
			buildPhases = (
				75345CF72C20F9A59262B0E4 /* [CP] Check Pods Manifest.lock */,
				32A2B2EA1CF113E3005CDC0E /* Sources */,
				32A2B2EB1CF113E3005CDC0E /* Frameworks */,
				32A2B2EC1CF113E3005CDC0E /* Resources */,
				FBE387DF48AA0C1A26F5872B /* [CP] Embed Pods Frameworks */,
				B7FC3C3974C59045D4D0BCE7 /* [CP] Copy Pods Resources */,
			);
			buildRules = (
			);
			dependencies = (
				32A2B2F01CF113E3005CDC0E /* PBXTargetDependency */,
			);
			name = "Cleanse AppTests";
			productName = "Cleanse AppTests";
			productReference = 32A2B2EE1CF113E3005CDC0E /* Cleanse AppTests.xctest */;
			productType = "com.apple.product-type.bundle.unit-test";
		};
		32A2B2F81CF113E4005CDC0E /* Cleanse AppUITests */ = {
			isa = PBXNativeTarget;
			buildConfigurationList = 32A2B3081CF113E4005CDC0E /* Build configuration list for PBXNativeTarget "Cleanse AppUITests" */;
			buildPhases = (
				F572DBC57E8BD5C60F92ED75 /* [CP] Check Pods Manifest.lock */,
				32A2B2F51CF113E4005CDC0E /* Sources */,
				32A2B2F61CF113E4005CDC0E /* Frameworks */,
				32A2B2F71CF113E4005CDC0E /* Resources */,
				CE02A4BB2DD843A00E761D01 /* [CP] Copy Pods Resources */,
			);
			buildRules = (
			);
			dependencies = (
				32A2B2FB1CF113E4005CDC0E /* PBXTargetDependency */,
			);
			name = "Cleanse AppUITests";
			productName = "Cleanse AppUITests";
			productReference = 32A2B2F91CF113E4005CDC0E /* Cleanse AppUITests.xctest */;
			productType = "com.apple.product-type.bundle.ui-testing";
		};
/* End PBXNativeTarget section */

/* Begin PBXProject section */
		32A2B2CF1CF113E3005CDC0E /* Project object */ = {
			isa = PBXProject;
			attributes = {
				LastSwiftUpdateCheck = 0730;
				LastUpgradeCheck = 0730;
				ORGANIZATIONNAME = "Nano Nimbus";
				TargetAttributes = {
					32A2B2D61CF113E3005CDC0E = {
						CreatedOnToolsVersion = 7.3.1;
						DevelopmentTeam = M42KU2936E;
					};
					32A2B2ED1CF113E3005CDC0E = {
						CreatedOnToolsVersion = 7.3.1;
						TestTargetID = 32A2B2D61CF113E3005CDC0E;
					};
					32A2B2F81CF113E4005CDC0E = {
						CreatedOnToolsVersion = 7.3.1;
						TestTargetID = 32A2B2D61CF113E3005CDC0E;
					};
				};
			};
			buildConfigurationList = 32A2B2D21CF113E3005CDC0E /* Build configuration list for PBXProject "Cleanse App" */;
			compatibilityVersion = "Xcode 3.2";
			developmentRegion = English;
			hasScannedForEncodings = 0;
			knownRegions = (
				en,
				Base,
			);
			mainGroup = 32A2B2CE1CF113E3005CDC0E;
			productRefGroup = 32A2B2D81CF113E3005CDC0E /* Products */;
			projectDirPath = "";
			projectRoot = "";
			targets = (
				32A2B2D61CF113E3005CDC0E /* Cleanse App */,
				32A2B2ED1CF113E3005CDC0E /* Cleanse AppTests */,
				32A2B2F81CF113E4005CDC0E /* Cleanse AppUITests */,
			);
		};
/* End PBXProject section */

/* Begin PBXResourcesBuildPhase section */
		32A2B2D51CF113E3005CDC0E /* Resources */ = {
			isa = PBXResourcesBuildPhase;
			buildActionMask = 2147483647;
			files = (
				32A2B2E81CF113E3005CDC0E /* LaunchScreen.storyboard in Resources */,
				32A2B2E51CF113E3005CDC0E /* Assets.xcassets in Resources */,
				32A2B2E01CF113E3005CDC0E /* Main.storyboard in Resources */,
				323588641D0DC7E600EB861F /* recipes.json in Resources */,
			);
			runOnlyForDeploymentPostprocessing = 0;
		};
		32A2B2EC1CF113E3005CDC0E /* Resources */ = {
			isa = PBXResourcesBuildPhase;
			buildActionMask = 2147483647;
			files = (
			);
			runOnlyForDeploymentPostprocessing = 0;
		};
		32A2B2F71CF113E4005CDC0E /* Resources */ = {
			isa = PBXResourcesBuildPhase;
			buildActionMask = 2147483647;
			files = (
			);
			runOnlyForDeploymentPostprocessing = 0;
		};
/* End PBXResourcesBuildPhase section */

/* Begin PBXShellScriptBuildPhase section */
		5725EC2ADC1D443797EC0C9A /* [CP] Embed Pods Frameworks */ = {
			isa = PBXShellScriptBuildPhase;
			buildActionMask = 2147483647;
			files = (
			);
			inputPaths = (
			);
			name = "[CP] Embed Pods Frameworks";
			outputPaths = (
			);
			runOnlyForDeploymentPostprocessing = 0;
			shellPath = /bin/sh;
			shellScript = "\"${SRCROOT}/Pods/Target Support Files/Pods-Cleanse App/Pods-Cleanse App-frameworks.sh\"\n";
			showEnvVarsInLog = 0;
		};
		75345CF72C20F9A59262B0E4 /* [CP] Check Pods Manifest.lock */ = {
			isa = PBXShellScriptBuildPhase;
			buildActionMask = 2147483647;
			files = (
			);
			inputPaths = (
			);
			name = "[CP] Check Pods Manifest.lock";
			outputPaths = (
			);
			runOnlyForDeploymentPostprocessing = 0;
			shellPath = /bin/sh;
			shellScript = "diff \"${PODS_ROOT}/../Podfile.lock\" \"${PODS_ROOT}/Manifest.lock\" > /dev/null\nif [[ $? != 0 ]] ; then\n    cat << EOM\nerror: The sandbox is not in sync with the Podfile.lock. Run 'pod install' or update your CocoaPods installation.\nEOM\n    exit 1\nfi\n";
			showEnvVarsInLog = 0;
		};
		817A284640B2C951A7EB692B /* [CP] Copy Pods Resources */ = {
			isa = PBXShellScriptBuildPhase;
			buildActionMask = 2147483647;
			files = (
			);
			inputPaths = (
			);
			name = "[CP] Copy Pods Resources";
			outputPaths = (
			);
			runOnlyForDeploymentPostprocessing = 0;
			shellPath = /bin/sh;
			shellScript = "\"${SRCROOT}/Pods/Target Support Files/Pods-Cleanse App/Pods-Cleanse App-resources.sh\"\n";
			showEnvVarsInLog = 0;
		};
		B7FC3C3974C59045D4D0BCE7 /* [CP] Copy Pods Resources */ = {
			isa = PBXShellScriptBuildPhase;
			buildActionMask = 2147483647;
			files = (
			);
			inputPaths = (
			);
			name = "[CP] Copy Pods Resources";
			outputPaths = (
			);
			runOnlyForDeploymentPostprocessing = 0;
			shellPath = /bin/sh;
			shellScript = "\"${SRCROOT}/Pods/Target Support Files/Pods-Cleanse AppTests/Pods-Cleanse AppTests-resources.sh\"\n";
			showEnvVarsInLog = 0;
		};
		CE02A4BB2DD843A00E761D01 /* [CP] Copy Pods Resources */ = {
			isa = PBXShellScriptBuildPhase;
			buildActionMask = 2147483647;
			files = (
			);
			inputPaths = (
			);
			name = "[CP] Copy Pods Resources";
			outputPaths = (
			);
			runOnlyForDeploymentPostprocessing = 0;
			shellPath = /bin/sh;
			shellScript = "\"${SRCROOT}/Pods/Target Support Files/Pods-Cleanse AppUITests/Pods-Cleanse AppUITests-resources.sh\"\n";
			showEnvVarsInLog = 0;
		};
		E0E5887948FDB24FA94CA18B /* [CP] Check Pods Manifest.lock */ = {
			isa = PBXShellScriptBuildPhase;
			buildActionMask = 2147483647;
			files = (
			);
			inputPaths = (
			);
			name = "[CP] Check Pods Manifest.lock";
			outputPaths = (
			);
			runOnlyForDeploymentPostprocessing = 0;
			shellPath = /bin/sh;
			shellScript = "diff \"${PODS_ROOT}/../Podfile.lock\" \"${PODS_ROOT}/Manifest.lock\" > /dev/null\nif [[ $? != 0 ]] ; then\n    cat << EOM\nerror: The sandbox is not in sync with the Podfile.lock. Run 'pod install' or update your CocoaPods installation.\nEOM\n    exit 1\nfi\n";
			showEnvVarsInLog = 0;
		};
		F572DBC57E8BD5C60F92ED75 /* [CP] Check Pods Manifest.lock */ = {
			isa = PBXShellScriptBuildPhase;
			buildActionMask = 2147483647;
			files = (
			);
			inputPaths = (
			);
			name = "[CP] Check Pods Manifest.lock";
			outputPaths = (
			);
			runOnlyForDeploymentPostprocessing = 0;
			shellPath = /bin/sh;
			shellScript = "diff \"${PODS_ROOT}/../Podfile.lock\" \"${PODS_ROOT}/Manifest.lock\" > /dev/null\nif [[ $? != 0 ]] ; then\n    cat << EOM\nerror: The sandbox is not in sync with the Podfile.lock. Run 'pod install' or update your CocoaPods installation.\nEOM\n    exit 1\nfi\n";
			showEnvVarsInLog = 0;
		};
		FBE387DF48AA0C1A26F5872B /* [CP] Embed Pods Frameworks */ = {
			isa = PBXShellScriptBuildPhase;
			buildActionMask = 2147483647;
			files = (
			);
			inputPaths = (
			);
			name = "[CP] Embed Pods Frameworks";
			outputPaths = (
			);
			runOnlyForDeploymentPostprocessing = 0;
			shellPath = /bin/sh;
			shellScript = "\"${SRCROOT}/Pods/Target Support Files/Pods-Cleanse AppTests/Pods-Cleanse AppTests-frameworks.sh\"\n";
			showEnvVarsInLog = 0;
		};
/* End PBXShellScriptBuildPhase section */

/* Begin PBXSourcesBuildPhase section */
		32A2B2D31CF113E3005CDC0E /* Sources */ = {
			isa = PBXSourcesBuildPhase;
			buildActionMask = 2147483647;
			files = (
				32A2B2E31CF113E3005CDC0E /* Cleanse_App.xcdatamodeld in Sources */,
				32A2B2DB1CF113E3005CDC0E /* AppDelegate.swift in Sources */,
				32FC27611D205B8E00DB3C99 /* WaterTrackerViewController.swift in Sources */,
				32F5E90F1D20DE9E006D9F75 /* Meal.swift in Sources */,
				32983C791D2097DD006D19D7 /* deploydAPI.swift in Sources */,
				32F6A9A91D1F128200047A51 /* MealPlan.swift in Sources */,
				32F5E9111D20E647006D9F75 /* DailyPlan.swift in Sources */,
				32F9238C1D00214B0069D49D /* SWRevealViewController.m in Sources */,
				32F923921D002D4A0069D49D /* Recipe.swift in Sources */,
				32F923961D003F940069D49D /* ImageStore.swift in Sources */,
				32F2F4641D1E178B00AFE68F /* MealDetailsTableViewController.swift in Sources */,
				32F5E90D1D20CEB8006D9F75 /* MealPlanStore.swift in Sources */,
				32C400141D1DC8E10082AB0C /* MealMapTableViewController.swift in Sources */,
				32F923941D00302F0069D49D /* RecipeStore.swift in Sources */,
				32F6A9A71D1F092200047A51 /* User.swift in Sources */,
				324BFA0D1D1E03A700AE195C /* MealMapTableViewCell.swift in Sources */,
			);
			runOnlyForDeploymentPostprocessing = 0;
		};
		32A2B2EA1CF113E3005CDC0E /* Sources */ = {
			isa = PBXSourcesBuildPhase;
			buildActionMask = 2147483647;
			files = (
				32A2B2F31CF113E3005CDC0E /* Cleanse_AppTests.swift in Sources */,
			);
			runOnlyForDeploymentPostprocessing = 0;
		};
		32A2B2F51CF113E4005CDC0E /* Sources */ = {
			isa = PBXSourcesBuildPhase;
			buildActionMask = 2147483647;
			files = (
				32A2B2FE1CF113E4005CDC0E /* Cleanse_AppUITests.swift in Sources */,
			);
			runOnlyForDeploymentPostprocessing = 0;
		};
/* End PBXSourcesBuildPhase section */

/* Begin PBXTargetDependency section */
		32A2B2F01CF113E3005CDC0E /* PBXTargetDependency */ = {
			isa = PBXTargetDependency;
			target = 32A2B2D61CF113E3005CDC0E /* Cleanse App */;
			targetProxy = 32A2B2EF1CF113E3005CDC0E /* PBXContainerItemProxy */;
		};
		32A2B2FB1CF113E4005CDC0E /* PBXTargetDependency */ = {
			isa = PBXTargetDependency;
			target = 32A2B2D61CF113E3005CDC0E /* Cleanse App */;
			targetProxy = 32A2B2FA1CF113E4005CDC0E /* PBXContainerItemProxy */;
		};
/* End PBXTargetDependency section */

/* Begin PBXVariantGroup section */
		32A2B2DE1CF113E3005CDC0E /* Main.storyboard */ = {
			isa = PBXVariantGroup;
			children = (
				32A2B2DF1CF113E3005CDC0E /* Base */,
			);
			name = Main.storyboard;
			sourceTree = "<group>";
		};
		32A2B2E61CF113E3005CDC0E /* LaunchScreen.storyboard */ = {
			isa = PBXVariantGroup;
			children = (
				32A2B2E71CF113E3005CDC0E /* Base */,
			);
			name = LaunchScreen.storyboard;
			sourceTree = "<group>";
		};
/* End PBXVariantGroup section */

/* Begin XCBuildConfiguration section */
		32A2B3001CF113E4005CDC0E /* Debug */ = {
			isa = XCBuildConfiguration;
			buildSettings = {
				ALWAYS_SEARCH_USER_PATHS = NO;
				CLANG_ANALYZER_NONNULL = YES;
				CLANG_CXX_LANGUAGE_STANDARD = "gnu++0x";
				CLANG_CXX_LIBRARY = "libc++";
				CLANG_ENABLE_MODULES = YES;
				CLANG_ENABLE_OBJC_ARC = YES;
				CLANG_WARN_BOOL_CONVERSION = YES;
				CLANG_WARN_CONSTANT_CONVERSION = YES;
				CLANG_WARN_DIRECT_OBJC_ISA_USAGE = YES_ERROR;
				CLANG_WARN_EMPTY_BODY = YES;
				CLANG_WARN_ENUM_CONVERSION = YES;
				CLANG_WARN_INT_CONVERSION = YES;
				CLANG_WARN_OBJC_ROOT_CLASS = YES_ERROR;
				CLANG_WARN_UNREACHABLE_CODE = YES;
				CLANG_WARN__DUPLICATE_METHOD_MATCH = YES;
				"CODE_SIGN_IDENTITY[sdk=iphoneos*]" = "iPhone Developer";
				COPY_PHASE_STRIP = NO;
				DEBUG_INFORMATION_FORMAT = dwarf;
				ENABLE_STRICT_OBJC_MSGSEND = YES;
				ENABLE_TESTABILITY = YES;
				GCC_C_LANGUAGE_STANDARD = gnu99;
				GCC_DYNAMIC_NO_PIC = NO;
				GCC_NO_COMMON_BLOCKS = YES;
				GCC_OPTIMIZATION_LEVEL = 0;
				GCC_PREPROCESSOR_DEFINITIONS = (
					"DEBUG=1",
					"$(inherited)",
				);
				GCC_WARN_64_TO_32_BIT_CONVERSION = YES;
				GCC_WARN_ABOUT_RETURN_TYPE = YES_ERROR;
				GCC_WARN_UNDECLARED_SELECTOR = YES;
				GCC_WARN_UNINITIALIZED_AUTOS = YES_AGGRESSIVE;
				GCC_WARN_UNUSED_FUNCTION = YES;
				GCC_WARN_UNUSED_VARIABLE = YES;
				IPHONEOS_DEPLOYMENT_TARGET = 9.3;
				MTL_ENABLE_DEBUG_INFO = YES;
				ONLY_ACTIVE_ARCH = YES;
				SDKROOT = iphoneos;
				SWIFT_OPTIMIZATION_LEVEL = "-Onone";
			};
			name = Debug;
		};
		32A2B3011CF113E4005CDC0E /* Release */ = {
			isa = XCBuildConfiguration;
			buildSettings = {
				ALWAYS_SEARCH_USER_PATHS = NO;
				CLANG_ANALYZER_NONNULL = YES;
				CLANG_CXX_LANGUAGE_STANDARD = "gnu++0x";
				CLANG_CXX_LIBRARY = "libc++";
				CLANG_ENABLE_MODULES = YES;
				CLANG_ENABLE_OBJC_ARC = YES;
				CLANG_WARN_BOOL_CONVERSION = YES;
				CLANG_WARN_CONSTANT_CONVERSION = YES;
				CLANG_WARN_DIRECT_OBJC_ISA_USAGE = YES_ERROR;
				CLANG_WARN_EMPTY_BODY = YES;
				CLANG_WARN_ENUM_CONVERSION = YES;
				CLANG_WARN_INT_CONVERSION = YES;
				CLANG_WARN_OBJC_ROOT_CLASS = YES_ERROR;
				CLANG_WARN_UNREACHABLE_CODE = YES;
				CLANG_WARN__DUPLICATE_METHOD_MATCH = YES;
				"CODE_SIGN_IDENTITY[sdk=iphoneos*]" = "iPhone Developer";
				COPY_PHASE_STRIP = NO;
				DEBUG_INFORMATION_FORMAT = "dwarf-with-dsym";
				ENABLE_NS_ASSERTIONS = NO;
				ENABLE_STRICT_OBJC_MSGSEND = YES;
				GCC_C_LANGUAGE_STANDARD = gnu99;
				GCC_NO_COMMON_BLOCKS = YES;
				GCC_WARN_64_TO_32_BIT_CONVERSION = YES;
				GCC_WARN_ABOUT_RETURN_TYPE = YES_ERROR;
				GCC_WARN_UNDECLARED_SELECTOR = YES;
				GCC_WARN_UNINITIALIZED_AUTOS = YES_AGGRESSIVE;
				GCC_WARN_UNUSED_FUNCTION = YES;
				GCC_WARN_UNUSED_VARIABLE = YES;
				IPHONEOS_DEPLOYMENT_TARGET = 9.3;
				MTL_ENABLE_DEBUG_INFO = NO;
				SDKROOT = iphoneos;
				VALIDATE_PRODUCT = YES;
			};
			name = Release;
		};
		32A2B3031CF113E4005CDC0E /* Debug */ = {
			isa = XCBuildConfiguration;
			baseConfigurationReference = 64770E6AF5DE7D9DE8AB8285 /* Pods-Cleanse App.debug.xcconfig */;
			buildSettings = {
				ASSETCATALOG_COMPILER_APPICON_NAME = AppIcon;
				CLANG_ENABLE_MODULES = YES;
				CODE_SIGN_IDENTITY = "iPhone Developer";
				INFOPLIST_FILE = "Cleanse App/Info.plist";
				LD_RUNPATH_SEARCH_PATHS = "$(inherited) @executable_path/Frameworks";
				PRODUCT_BUNDLE_IDENTIFIER = "com.nano-nimbus.Cleanse-App";
				PRODUCT_NAME = "$(TARGET_NAME)";
				SWIFT_OBJC_BRIDGING_HEADER = "Cleanse App/Cleanse App-Bridging-Header.h";
				SWIFT_OPTIMIZATION_LEVEL = "-Onone";
			};
			name = Debug;
		};
		32A2B3041CF113E4005CDC0E /* Release */ = {
			isa = XCBuildConfiguration;
			baseConfigurationReference = D6E97F41F75A339304CA8916 /* Pods-Cleanse App.release.xcconfig */;
			buildSettings = {
				ASSETCATALOG_COMPILER_APPICON_NAME = AppIcon;
				CLANG_ENABLE_MODULES = YES;
				CODE_SIGN_IDENTITY = "iPhone Developer";
				INFOPLIST_FILE = "Cleanse App/Info.plist";
				LD_RUNPATH_SEARCH_PATHS = "$(inherited) @executable_path/Frameworks";
				PRODUCT_BUNDLE_IDENTIFIER = "com.nano-nimbus.Cleanse-App";
				PRODUCT_NAME = "$(TARGET_NAME)";
				SWIFT_OBJC_BRIDGING_HEADER = "Cleanse App/Cleanse App-Bridging-Header.h";
			};
			name = Release;
		};
		32A2B3061CF113E4005CDC0E /* Debug */ = {
			isa = XCBuildConfiguration;
			baseConfigurationReference = 51634753E4F925DC09FAB215 /* Pods-Cleanse AppTests.debug.xcconfig */;
			buildSettings = {
				BUNDLE_LOADER = "$(TEST_HOST)";
				INFOPLIST_FILE = "Cleanse AppTests/Info.plist";
				LD_RUNPATH_SEARCH_PATHS = "$(inherited) @executable_path/Frameworks @loader_path/Frameworks";
				PRODUCT_BUNDLE_IDENTIFIER = "com.nano-nimbus.Cleanse-AppTests";
				PRODUCT_NAME = "$(TARGET_NAME)";
				TEST_HOST = "$(BUILT_PRODUCTS_DIR)/Cleanse App.app/Cleanse App";
			};
			name = Debug;
		};
		32A2B3071CF113E4005CDC0E /* Release */ = {
			isa = XCBuildConfiguration;
			baseConfigurationReference = E3CEEE1914D43E1ACA4DFF60 /* Pods-Cleanse AppTests.release.xcconfig */;
			buildSettings = {
				BUNDLE_LOADER = "$(TEST_HOST)";
				INFOPLIST_FILE = "Cleanse AppTests/Info.plist";
				LD_RUNPATH_SEARCH_PATHS = "$(inherited) @executable_path/Frameworks @loader_path/Frameworks";
				PRODUCT_BUNDLE_IDENTIFIER = "com.nano-nimbus.Cleanse-AppTests";
				PRODUCT_NAME = "$(TARGET_NAME)";
				TEST_HOST = "$(BUILT_PRODUCTS_DIR)/Cleanse App.app/Cleanse App";
			};
			name = Release;
		};
		32A2B3091CF113E4005CDC0E /* Debug */ = {
			isa = XCBuildConfiguration;
			baseConfigurationReference = A114BF03AE00C7FDC37DDADF /* Pods-Cleanse AppUITests.debug.xcconfig */;
			buildSettings = {
				INFOPLIST_FILE = "Cleanse AppUITests/Info.plist";
				LD_RUNPATH_SEARCH_PATHS = "$(inherited) @executable_path/Frameworks @loader_path/Frameworks";
				PRODUCT_BUNDLE_IDENTIFIER = "com.nano-nimbus.Cleanse-AppUITests";
				PRODUCT_NAME = "$(TARGET_NAME)";
				TEST_TARGET_NAME = "Cleanse App";
			};
			name = Debug;
		};
		32A2B30A1CF113E4005CDC0E /* Release */ = {
			isa = XCBuildConfiguration;
			baseConfigurationReference = 9AD0E9F859BAB611AFDE8671 /* Pods-Cleanse AppUITests.release.xcconfig */;
			buildSettings = {
				INFOPLIST_FILE = "Cleanse AppUITests/Info.plist";
				LD_RUNPATH_SEARCH_PATHS = "$(inherited) @executable_path/Frameworks @loader_path/Frameworks";
				PRODUCT_BUNDLE_IDENTIFIER = "com.nano-nimbus.Cleanse-AppUITests";
				PRODUCT_NAME = "$(TARGET_NAME)";
				TEST_TARGET_NAME = "Cleanse App";
			};
			name = Release;
		};
/* End XCBuildConfiguration section */

/* Begin XCConfigurationList section */
		32A2B2D21CF113E3005CDC0E /* Build configuration list for PBXProject "Cleanse App" */ = {
			isa = XCConfigurationList;
			buildConfigurations = (
				32A2B3001CF113E4005CDC0E /* Debug */,
				32A2B3011CF113E4005CDC0E /* Release */,
			);
			defaultConfigurationIsVisible = 0;
			defaultConfigurationName = Release;
		};
		32A2B3021CF113E4005CDC0E /* Build configuration list for PBXNativeTarget "Cleanse App" */ = {
			isa = XCConfigurationList;
			buildConfigurations = (
				32A2B3031CF113E4005CDC0E /* Debug */,
				32A2B3041CF113E4005CDC0E /* Release */,
			);
			defaultConfigurationIsVisible = 0;
			defaultConfigurationName = Release;
		};
		32A2B3051CF113E4005CDC0E /* Build configuration list for PBXNativeTarget "Cleanse AppTests" */ = {
			isa = XCConfigurationList;
			buildConfigurations = (
				32A2B3061CF113E4005CDC0E /* Debug */,
				32A2B3071CF113E4005CDC0E /* Release */,
			);
			defaultConfigurationIsVisible = 0;
			defaultConfigurationName = Release;
		};
		32A2B3081CF113E4005CDC0E /* Build configuration list for PBXNativeTarget "Cleanse AppUITests" */ = {
			isa = XCConfigurationList;
			buildConfigurations = (
				32A2B3091CF113E4005CDC0E /* Debug */,
				32A2B30A1CF113E4005CDC0E /* Release */,
			);
			defaultConfigurationIsVisible = 0;
			defaultConfigurationName = Release;
		};
/* End XCConfigurationList section */

/* Begin XCVersionGroup section */
		32A2B2E11CF113E3005CDC0E /* Cleanse_App.xcdatamodeld */ = {
			isa = XCVersionGroup;
			children = (
				32A2B2E21CF113E3005CDC0E /* Cleanse_App.xcdatamodel */,
			);
			currentVersion = 32A2B2E21CF113E3005CDC0E /* Cleanse_App.xcdatamodel */;
			path = Cleanse_App.xcdatamodeld;
			sourceTree = "<group>";
			versionGroupType = wrapper.xcdatamodel;
		};
/* End XCVersionGroup section */
	};
	rootObject = 32A2B2CF1CF113E3005CDC0E /* Project object */;
}
